
Microsoft Visual Studio Solution File, Format Version 12.00
# Visual Studio Version 17
VisualStudioVersion = 17.14.36310.24 d17.14
MinimumVisualStudioVersion = 10.0.40219.1
Project("{FAE04EC0-301F-11D3-BF4B-00C04F79EFBC}") = "DataAnalyzer_Oceanparadise", "DataAnalyzer_Oceanparadise.csproj", "{AB6D12ED-1F58-4591-945F-FAF2F7BFD4D1}"
EndProject
Global
	GlobalSection(SolutionConfigurationPlatforms) = preSolution
		Debug|Any CPU = Debug|Any CPU
		Release|Any CPU = Release|Any CPU
	EndGlobalSection
	GlobalSection(ProjectConfigurationPlatforms) = postSolution
		{AB6D12ED-1F58-4591-945F-FAF2F7BFD4D1}.Debug|Any CPU.ActiveCfg = Debug|Any CPU
		{AB6D12ED-1F58-4591-945F-FAF2F7BFD4D1}.Debug|Any CPU.Build.0 = Debug|Any CPU
		{AB6D12ED-1F58-4591-945F-FAF2F7BFD4D1}.Release|Any CPU.ActiveCfg = Release|Any CPU
		{AB6D12ED-1F58-4591-945F-FAF2F7BFD4D1}.Release|Any CPU.Build.0 = Release|Any CPU
	EndGlobalSection
	GlobalSection(SolutionProperties) = preSolution
		HideSolutionNode = FALSE
	EndGlobalSection
	GlobalSection(ExtensibilityGlobals) = postSolution
		SolutionGuid = {4E4E8784-EBF4-48C0-AD31-9CF98CE56C78}
	EndGlobalSection
EndGlobal
